
Microsoft Visual Studio Solution File, Format Version 12.00
# Visual Studio Version 16
VisualStudioVersion = 16.0.30104.148
MinimumVisualStudioVersion = 10.0.40219.1
Project("{9A19103F-16F7-4668-BE54-9A1E7A4F7556}") = "AsyncOpenTK", "AsyncOpenTK.csproj", "{DA561C2A-530D-4461-A25B-09110FB825E9}"
EndProject
Project("{9A19103F-16F7-4668-BE54-9A1E7A4F7556}") = "AsyncThreadEx", "..\AsyncWasm\AsyncThreadEx\AsyncThreadEx.csproj", "{B6B3076D-FA38-4DEE-BA8C-56CA6AE2E0C1}"
EndProject
Global
	GlobalSection(SolutionConfigurationPlatforms) = preSolution
		Debug|Any CPU = Debug|Any CPU
		Release|Any CPU = Release|Any CPU
	EndGlobalSection
	GlobalSection(ProjectConfigurationPlatforms) = postSolution
		{DA561C2A-530D-4461-A25B-09110FB825E9}.Debug|Any CPU.ActiveCfg = Debug|Any CPU
		{DA561C2A-530D-4461-A25B-09110FB825E9}.Debug|Any CPU.Build.0 = Debug|Any CPU
		{DA561C2A-530D-4461-A25B-09110FB825E9}.Release|Any CPU.ActiveCfg = Release|Any CPU
		{DA561C2A-530D-4461-A25B-09110FB825E9}.Release|Any CPU.Build.0 = Release|Any CPU
		{B6B3076D-FA38-4DEE-BA8C-56CA6AE2E0C1}.Debug|Any CPU.ActiveCfg = Debug|Any CPU
		{B6B3076D-FA38-4DEE-BA8C-56CA6AE2E0C1}.Debug|Any CPU.Build.0 = Debug|Any CPU
		{B6B3076D-FA38-4DEE-BA8C-56CA6AE2E0C1}.Release|Any CPU.ActiveCfg = Release|Any CPU
		{B6B3076D-FA38-4DEE-BA8C-56CA6AE2E0C1}.Release|Any CPU.Build.0 = Release|Any CPU
	EndGlobalSection
	GlobalSection(SolutionProperties) = preSolution
		HideSolutionNode = FALSE
	EndGlobalSection
	GlobalSection(ExtensibilityGlobals) = postSolution
		SolutionGuid = {11374550-5EBE-4319-A775-05167CA970CB}
	EndGlobalSection
EndGlobal
